
Microsoft Visual Studio Solution File, Format Version 12.00
Project("{FAE04EC0-301F-11D3-BF4B-00C04F79EFBC}") = "Backend.Api", "Backend.Api\Backend.Api.csproj", "{A9594AE3-AB32-4B15-9F4D-583749304E26}"
EndProject
Project("{2150E333-8FDC-42A3-9474-1A3956D46DE8}") = "Backend", "Backend", "{69521BA1-4E8C-4A05-89CB-E5BFFC6AAA25}"
EndProject
Project("{2150E333-8FDC-42A3-9474-1A3956D46DE8}") = "Auth", "Auth", "{A82838AC-01C9-4F14-BE23-618BD4759E50}"
EndProject
Project("{FAE04EC0-301F-11D3-BF4B-00C04F79EFBC}") = "Auth.Api", "Auth.Api\Auth.Api.csproj", "{183355DA-FD7B-49FA-BF8D-304F36359328}"
EndProject
Project("{FAE04EC0-301F-11D3-BF4B-00C04F79EFBC}") = "Auth.Common", "Auth.Common\Auth.Common.csproj", "{CC34DD00-6523-47E7-975D-5BF87D55A155}"
EndProject
Project("{FAE04EC0-301F-11D3-BF4B-00C04F79EFBC}") = "Auth.DAL", "Auth.DAL\Auth.DAL.csproj", "{AA6F3A6D-E72A-4D08-BACB-E9A409F03C72}"
EndProject
Project("{FAE04EC0-301F-11D3-BF4B-00C04F79EFBC}") = "Auth.BL", "Auth.BL\Auth.BL.csproj", "{28A72A73-42EA-42F1-98DD-40EE4AD10302}"
EndProject
Project("{FAE04EC0-301F-11D3-BF4B-00C04F79EFBC}") = "Backend.Common", "Backend.Common\Backend.Common.csproj", "{84666D46-8EFF-4A07-9C85-C9F2AD0D733F}"
EndProject
Project("{FAE04EC0-301F-11D3-BF4B-00C04F79EFBC}") = "Backend.DAL", "Backend.DAL\Backend.DAL.csproj", "{0C72A32C-CEFF-40C5-88FC-B3043B43D40A}"
EndProject
Project("{FAE04EC0-301F-11D3-BF4B-00C04F79EFBC}") = "Backend.BL", "Backend.BL\Backend.BL.csproj", "{AD1E644D-7B48-4193-A7CC-85ABC416DB46}"
EndProject
Project("{FAE04EC0-301F-11D3-BF4B-00C04F79EFBC}") = "Common", "Common\Common.csproj", "{EF51B820-3B33-4FF2-82D9-6109D6F791B9}"
EndProject
Global
	GlobalSection(SolutionConfigurationPlatforms) = preSolution
		Debug|Any CPU = Debug|Any CPU
		Release|Any CPU = Release|Any CPU
	EndGlobalSection
	GlobalSection(ProjectConfigurationPlatforms) = postSolution
		{A9594AE3-AB32-4B15-9F4D-583749304E26}.Debug|Any CPU.ActiveCfg = Debug|Any CPU
		{A9594AE3-AB32-4B15-9F4D-583749304E26}.Debug|Any CPU.Build.0 = Debug|Any CPU
		{A9594AE3-AB32-4B15-9F4D-583749304E26}.Release|Any CPU.ActiveCfg = Release|Any CPU
		{A9594AE3-AB32-4B15-9F4D-583749304E26}.Release|Any CPU.Build.0 = Release|Any CPU
		{183355DA-FD7B-49FA-BF8D-304F36359328}.Debug|Any CPU.ActiveCfg = Debug|Any CPU
		{183355DA-FD7B-49FA-BF8D-304F36359328}.Debug|Any CPU.Build.0 = Debug|Any CPU
		{183355DA-FD7B-49FA-BF8D-304F36359328}.Release|Any CPU.ActiveCfg = Release|Any CPU
		{183355DA-FD7B-49FA-BF8D-304F36359328}.Release|Any CPU.Build.0 = Release|Any CPU
		{CC34DD00-6523-47E7-975D-5BF87D55A155}.Debug|Any CPU.ActiveCfg = Debug|Any CPU
		{CC34DD00-6523-47E7-975D-5BF87D55A155}.Debug|Any CPU.Build.0 = Debug|Any CPU
		{CC34DD00-6523-47E7-975D-5BF87D55A155}.Release|Any CPU.ActiveCfg = Release|Any CPU
		{CC34DD00-6523-47E7-975D-5BF87D55A155}.Release|Any CPU.Build.0 = Release|Any CPU
		{AA6F3A6D-E72A-4D08-BACB-E9A409F03C72}.Debug|Any CPU.ActiveCfg = Debug|Any CPU
		{AA6F3A6D-E72A-4D08-BACB-E9A409F03C72}.Debug|Any CPU.Build.0 = Debug|Any CPU
		{AA6F3A6D-E72A-4D08-BACB-E9A409F03C72}.Release|Any CPU.ActiveCfg = Release|Any CPU
		{AA6F3A6D-E72A-4D08-BACB-E9A409F03C72}.Release|Any CPU.Build.0 = Release|Any CPU
		{28A72A73-42EA-42F1-98DD-40EE4AD10302}.Debug|Any CPU.ActiveCfg = Debug|Any CPU
		{28A72A73-42EA-42F1-98DD-40EE4AD10302}.Debug|Any CPU.Build.0 = Debug|Any CPU
		{28A72A73-42EA-42F1-98DD-40EE4AD10302}.Release|Any CPU.ActiveCfg = Release|Any CPU
		{28A72A73-42EA-42F1-98DD-40EE4AD10302}.Release|Any CPU.Build.0 = Release|Any CPU
		{84666D46-8EFF-4A07-9C85-C9F2AD0D733F}.Debug|Any CPU.ActiveCfg = Debug|Any CPU
		{84666D46-8EFF-4A07-9C85-C9F2AD0D733F}.Debug|Any CPU.Build.0 = Debug|Any CPU
		{84666D46-8EFF-4A07-9C85-C9F2AD0D733F}.Release|Any CPU.ActiveCfg = Release|Any CPU
		{84666D46-8EFF-4A07-9C85-C9F2AD0D733F}.Release|Any CPU.Build.0 = Release|Any CPU
		{0C72A32C-CEFF-40C5-88FC-B3043B43D40A}.Debug|Any CPU.ActiveCfg = Debug|Any CPU
		{0C72A32C-CEFF-40C5-88FC-B3043B43D40A}.Debug|Any CPU.Build.0 = Debug|Any CPU
		{0C72A32C-CEFF-40C5-88FC-B3043B43D40A}.Release|Any CPU.ActiveCfg = Release|Any CPU
		{0C72A32C-CEFF-40C5-88FC-B3043B43D40A}.Release|Any CPU.Build.0 = Release|Any CPU
		{AD1E644D-7B48-4193-A7CC-85ABC416DB46}.Debug|Any CPU.ActiveCfg = Debug|Any CPU
		{AD1E644D-7B48-4193-A7CC-85ABC416DB46}.Debug|Any CPU.Build.0 = Debug|Any CPU
		{AD1E644D-7B48-4193-A7CC-85ABC416DB46}.Release|Any CPU.ActiveCfg = Release|Any CPU
		{AD1E644D-7B48-4193-A7CC-85ABC416DB46}.Release|Any CPU.Build.0 = Release|Any CPU
		{EF51B820-3B33-4FF2-82D9-6109D6F791B9}.Debug|Any CPU.ActiveCfg = Debug|Any CPU
		{EF51B820-3B33-4FF2-82D9-6109D6F791B9}.Debug|Any CPU.Build.0 = Debug|Any CPU
		{EF51B820-3B33-4FF2-82D9-6109D6F791B9}.Release|Any CPU.ActiveCfg = Release|Any CPU
		{EF51B820-3B33-4FF2-82D9-6109D6F791B9}.Release|Any CPU.Build.0 = Release|Any CPU
	EndGlobalSection
	GlobalSection(NestedProjects) = preSolution
		{A9594AE3-AB32-4B15-9F4D-583749304E26} = {69521BA1-4E8C-4A05-89CB-E5BFFC6AAA25}
		{183355DA-FD7B-49FA-BF8D-304F36359328} = {A82838AC-01C9-4F14-BE23-618BD4759E50}
		{CC34DD00-6523-47E7-975D-5BF87D55A155} = {A82838AC-01C9-4F14-BE23-618BD4759E50}
		{AA6F3A6D-E72A-4D08-BACB-E9A409F03C72} = {A82838AC-01C9-4F14-BE23-618BD4759E50}
		{28A72A73-42EA-42F1-98DD-40EE4AD10302} = {A82838AC-01C9-4F14-BE23-618BD4759E50}
		{84666D46-8EFF-4A07-9C85-C9F2AD0D733F} = {69521BA1-4E8C-4A05-89CB-E5BFFC6AAA25}
		{0C72A32C-CEFF-40C5-88FC-B3043B43D40A} = {69521BA1-4E8C-4A05-89CB-E5BFFC6AAA25}
		{AD1E644D-7B48-4193-A7CC-85ABC416DB46} = {69521BA1-4E8C-4A05-89CB-E5BFFC6AAA25}
	EndGlobalSection
EndGlobal
